
Microsoft Visual Studio Solution File, Format Version 12.00
# Visual Studio Version 17
VisualStudioVersion = 17.10.34928.147
MinimumVisualStudioVersion = 10.0.40219.1
Project("{9A19103F-16F7-4668-BE54-9A1E7A4F7556}") = "Entities", "Entities\Entities.csproj", "{68140D1C-EDF7-42C0-A0B7-6624917A6274}"
EndProject
Project("{9A19103F-16F7-4668-BE54-9A1E7A4F7556}") = "DataAccess", "DataAccess\DataAccess.csproj", "{D3335F40-5177-46E6-981D-66C984E95FED}"
EndProject
Project("{9A19103F-16F7-4668-BE54-9A1E7A4F7556}") = "WebAPI", "WebAPI\WebAPI.csproj", "{D1B203CD-BB70-4713-BD79-6A05B42B7ACB}"
EndProject
Project("{2150E333-8FDC-42A3-9474-1A3956D46DE8}") = "Server", "Server", "{D7B35018-84F7-4FD4-B343-AF261DC11F6A}"
EndProject
Global
	GlobalSection(SolutionConfigurationPlatforms) = preSolution
		Debug|Any CPU = Debug|Any CPU
		Release|Any CPU = Release|Any CPU
	EndGlobalSection
	GlobalSection(ProjectConfigurationPlatforms) = postSolution
		{68140D1C-EDF7-42C0-A0B7-6624917A6274}.Debug|Any CPU.ActiveCfg = Debug|Any CPU
		{68140D1C-EDF7-42C0-A0B7-6624917A6274}.Debug|Any CPU.Build.0 = Debug|Any CPU
		{68140D1C-EDF7-42C0-A0B7-6624917A6274}.Release|Any CPU.ActiveCfg = Release|Any CPU
		{68140D1C-EDF7-42C0-A0B7-6624917A6274}.Release|Any CPU.Build.0 = Release|Any CPU
		{D3335F40-5177-46E6-981D-66C984E95FED}.Debug|Any CPU.ActiveCfg = Debug|Any CPU
		{D3335F40-5177-46E6-981D-66C984E95FED}.Debug|Any CPU.Build.0 = Debug|Any CPU
		{D3335F40-5177-46E6-981D-66C984E95FED}.Release|Any CPU.ActiveCfg = Release|Any CPU
		{D3335F40-5177-46E6-981D-66C984E95FED}.Release|Any CPU.Build.0 = Release|Any CPU
		{D1B203CD-BB70-4713-BD79-6A05B42B7ACB}.Debug|Any CPU.ActiveCfg = Debug|Any CPU
		{D1B203CD-BB70-4713-BD79-6A05B42B7ACB}.Debug|Any CPU.Build.0 = Debug|Any CPU
		{D1B203CD-BB70-4713-BD79-6A05B42B7ACB}.Release|Any CPU.ActiveCfg = Release|Any CPU
		{D1B203CD-BB70-4713-BD79-6A05B42B7ACB}.Release|Any CPU.Build.0 = Release|Any CPU
	EndGlobalSection
	GlobalSection(SolutionProperties) = preSolution
		HideSolutionNode = FALSE
	EndGlobalSection
	GlobalSection(NestedProjects) = preSolution
		{68140D1C-EDF7-42C0-A0B7-6624917A6274} = {D7B35018-84F7-4FD4-B343-AF261DC11F6A}
		{D3335F40-5177-46E6-981D-66C984E95FED} = {D7B35018-84F7-4FD4-B343-AF261DC11F6A}
		{D1B203CD-BB70-4713-BD79-6A05B42B7ACB} = {D7B35018-84F7-4FD4-B343-AF261DC11F6A}
	EndGlobalSection
	GlobalSection(ExtensibilityGlobals) = postSolution
		SolutionGuid = {4B27A99F-92E4-404A-B555-89B24AECB772}
	EndGlobalSection
EndGlobal
